<?xml version="1.0" encoding="utf-8"?>
<Project ToolsVersion="4.0" xmlns="http://schemas.microsoft.com/developer/msbuild/2003">
  <ItemGroup>
    <ClCompile Include="ChildView.cpp" />
    <ClCompile Include="listener.cpp" />
    <ClCompile Include="Parameters.cpp" />
    <ClCompile Include="Pupil.cpp" />
    <ClCompile Include="PupilTracker.cpp" />
    <ClCompile Include="PupilTrackerMainFrame.cpp" />
    <ClCompile Include="stdafx.cpp" />
    <ClCompile Include="OffsetTracker.cpp" />
    <ClCompile Include="PupilDiaTracker.cpp" />
    <ClCompile Include="Settings.cpp" />
    <ClCompile Include="Tracker.cpp" />
    <ClCompile Include="..\NetCom\SockClient.cpp">
      <Filter>NetCom</Filter>
    </ClCompile>
    <ClCompile Include="..\NetCom\SockListener.cpp">
      <Filter>NetCom</Filter>
    </ClCompile>
    <ClCompile Include="..\NetCom\WinSock2Async.cpp">
      <Filter>NetCom</Filter>
    </ClCompile>
  </ItemGroup>
  <ItemGroup>
    <ClInclude Include="ChildView.h" />
    <ClInclude Include="listener.h" />
    <ClInclude Include="Parameters.h" />
    <ClInclude Include="Pupil.h" />
    <ClInclude Include="PupilTracker.h" />
    <ClInclude Include="PupilTrackerMainFrame.h" />
    <ClInclude Include="resource.h" />
    <ClInclude Include="stdafx.h" />
    <ClInclude Include="OffsetTracker.h" />
    <ClInclude Include="PupilDiaTracker.h" />
    <ClInclude Include="Settings.h" />
    <ClInclude Include="Tracker.h" />
    <ClInclude Include="..\NetCom\SockClient.h">
      <Filter>NetCom</Filter>
    </ClInclude>
    <ClInclude Include="..\NetCom\SockListener.h">
      <Filter>NetCom</Filter>
    </ClInclude>
    <ClInclude Include="..\NetCom\WinSock2Async.h">
      <Filter>NetCom</Filter>
    </ClInclude>
  </ItemGroup>
  <ItemGroup>
    <ResourceCompile Include="PupilTracker.rc" />
  </ItemGroup>
  <ItemGroup>
    <Image Include="res\PupilTracker.ico" />
    <Image Include="res\bitmap2.bmp">
      <Filter>Bitmaps</Filter>
    </Image>
    <Image Include="res\nocamera.bmp">
      <Filter>Bitmaps</Filter>
    </Image>
    <Image Include="res\offset_tracker.bmp">
      <Filter>Bitmaps</Filter>
    </Image>
    <Image Include="res\pupil_dia.bmp">
      <Filter>Bitmaps</Filter>
    </Image>
    <Image Include="res\toolbar1.bmp">
      <Filter>Bitmaps</Filter>
    </Image>
    <Image Include="res\Toolbar.bmp">
      <Filter>Bitmaps</Filter>
    </Image>
  </ItemGroup>
  <ItemGroup>
    <None Include="res\PupilTracker.rc2" />
  </ItemGroup>
  <ItemGroup>
    <Filter Include="Bitmaps">
      <UniqueIdentifier>{ee2c1316-4166-48e5-8beb-22058a56ec93}</UniqueIdentifier>
    </Filter>
    <Filter Include="NetCom">
      <UniqueIdentifier>{10d3be94-8797-4eff-8b34-a17d55ff1435}</UniqueIdentifier>
    </Filter>
  </ItemGroup>
</Project>