<?xml version="1.0" encoding="utf-8"?>
<Project ToolsVersion="4.0" xmlns="http://schemas.microsoft.com/developer/msbuild/2003">
  <ItemGroup>
    <ClCompile Include="ChildView.cpp" />
    <ClCompile Include="FindComboBox.cpp" />
    <ClCompile Include="FindComboButton.cpp" />
    <ClCompile Include="listener.cpp" />
    <ClCompile Include="Parameters.cpp" />
    <ClCompile Include="Pupil.cpp" />
    <ClCompile Include="PupilTracker.cpp" />
    <ClCompile Include="PupilTrackerMainFrame.cpp" />
    <ClCompile Include="stdafx.cpp" />
    <ClCompile Include="netcomm\SockClient.cpp">
      <Filter>netcomm</Filter>
    </ClCompile>
    <ClCompile Include="netcomm\SockListener.cpp">
      <Filter>netcomm</Filter>
    </ClCompile>
    <ClCompile Include="netcomm\WinSock2Async.cpp">
      <Filter>netcomm</Filter>
    </ClCompile>
    <ClCompile Include="OffsetTracker.cpp" />
    <ClCompile Include="PupilDiaTracker.cpp" />
    <ClCompile Include="Settings.cpp" />
    <ClCompile Include="Tracker.cpp" />
  </ItemGroup>
  <ItemGroup>
    <ClInclude Include="ChildView.h" />
    <ClInclude Include="FindComboBox.h" />
    <ClInclude Include="FindComboButton.h" />
    <ClInclude Include="listener.h" />
    <ClInclude Include="Parameters.h" />
    <ClInclude Include="Pupil.h" />
    <ClInclude Include="PupilTracker.h" />
    <ClInclude Include="PupilTrackerMainFrame.h" />
    <ClInclude Include="resource.h" />
    <ClInclude Include="stdafx.h" />
    <ClInclude Include="netcomm\SockClient.h">
      <Filter>netcomm</Filter>
    </ClInclude>
    <ClInclude Include="netcomm\SockListener.h">
      <Filter>netcomm</Filter>
    </ClInclude>
    <ClInclude Include="netcomm\WinSock2Async.h">
      <Filter>netcomm</Filter>
    </ClInclude>
    <ClInclude Include="OffsetTracker.h" />
    <ClInclude Include="PupilDiaTracker.h" />
    <ClInclude Include="Settings.h" />
    <ClInclude Include="Tracker.h" />
  </ItemGroup>
  <ItemGroup>
    <ResourceCompile Include="PupilTracker.rc" />
  </ItemGroup>
  <ItemGroup>
    <Image Include="res\PupilTracker.ico" />
    <Image Include="res\Toolbar.bmp" />
    <Image Include="res\toolbar1.bmp" />
    <Image Include="res\bitmap2.bmp" />
    <Image Include="res\offset_tracker.bmp" />
    <Image Include="res\pupil_dia.bmp" />
  </ItemGroup>
  <ItemGroup>
    <None Include="res\PupilTracker.rc2" />
  </ItemGroup>
  <ItemGroup>
    <Filter Include="netcomm">
      <UniqueIdentifier>{e02e405e-0f4f-4642-8f34-af09d21ef9d2}</UniqueIdentifier>
    </Filter>
  </ItemGroup>
</Project>